
Microsoft Visual Studio Solution File, Format Version 12.00
# Visual Studio Version 16
VisualStudioVersion = 16.0.29613.14
MinimumVisualStudioVersion = 10.0.40219.1
Project("{FAE04EC0-301F-11D3-BF4B-00C04F79EFBC}") = "MarsRover", "MarsRover\MarsRover.csproj", "{A894A417-918D-474F-A569-6F1A35C4337F}"
EndProject
Global
	GlobalSection(SolutionConfigurationPlatforms) = preSolution
		Debug|Any CPU = Debug|Any CPU
		Release|Any CPU = Release|Any CPU
	EndGlobalSection
	GlobalSection(ProjectConfigurationPlatforms) = postSolution
		{A894A417-918D-474F-A569-6F1A35C4337F}.Debug|Any CPU.ActiveCfg = Debug|Any CPU
		{A894A417-918D-474F-A569-6F1A35C4337F}.Debug|Any CPU.Build.0 = Debug|Any CPU
		{A894A417-918D-474F-A569-6F1A35C4337F}.Release|Any CPU.ActiveCfg = Release|Any CPU
		{A894A417-918D-474F-A569-6F1A35C4337F}.Release|Any CPU.Build.0 = Release|Any CPU
	EndGlobalSection
	GlobalSection(SolutionProperties) = preSolution
		HideSolutionNode = FALSE
	EndGlobalSection
	GlobalSection(ExtensibilityGlobals) = postSolution
		SolutionGuid = {F436C0E0-20BC-48D4-B72E-894934ED6404}
	EndGlobalSection
EndGlobal
